// !$*UTF8*$!
{
	archiveVersion = 1;
	classes = {
	};
	objectVersion = 46;
	objects = {

/* Begin PBXBuildFile section */
		F27AB68D1B2A889400073234 /* main.m in Sources */ = {isa = PBXBuildFile; fileRef = F27AB68C1B2A889400073234 /* main.m */; };
		F27AB6901B2A889400073234 /* AppDelegate.m in Sources */ = {isa = PBXBuildFile; fileRef = F27AB68F1B2A889400073234 /* AppDelegate.m */; };
		F27AB6931B2A889400073234 /* ButtonsExample.xcdatamodeld in Sources */ = {isa = PBXBuildFile; fileRef = F27AB6911B2A889400073234 /* ButtonsExample.xcdatamodeld */; };
		F27AB6961B2A889400073234 /* MasterViewController.m in Sources */ = {isa = PBXBuildFile; fileRef = F27AB6951B2A889400073234 /* MasterViewController.m */; };
		F27AB6991B2A889400073234 /* DetailViewController.m in Sources */ = {isa = PBXBuildFile; fileRef = F27AB6981B2A889400073234 /* DetailViewController.m */; };
		F27AB69C1B2A889400073234 /* Main.storyboard in Resources */ = {isa = PBXBuildFile; fileRef = F27AB69A1B2A889400073234 /* Main.storyboard */; };
		F27AB69E1B2A889400073234 /* Images.xcassets in Resources */ = {isa = PBXBuildFile; fileRef = F27AB69D1B2A889400073234 /* Images.xcassets */; };
		F27AB6A11B2A889400073234 /* LaunchScreen.xib in Resources */ = {isa = PBXBuildFile; fileRef = F27AB69F1B2A889400073234 /* LaunchScreen.xib */; };
		F27AB6AD1B2A889400073234 /* ButtonsExampleTests.m in Sources */ = {isa = PBXBuildFile; fileRef = F27AB6AC1B2A889400073234 /* ButtonsExampleTests.m */; };
/* End PBXBuildFile section */

/* Begin PBXContainerItemProxy section */
		F27AB6A71B2A889400073234 /* PBXContainerItemProxy */ = {
			isa = PBXContainerItemProxy;
			containerPortal = F27AB67F1B2A889400073234 /* Project object */;
			proxyType = 1;
			remoteGlobalIDString = F27AB6861B2A889400073234;
			remoteInfo = ButtonsExample;
		};
/* End PBXContainerItemProxy section */

/* Begin PBXFileReference section */
		F27AB6871B2A889400073234 /* ButtonsExample.app */ = {isa = PBXFileReference; explicitFileType = wrapper.application; includeInIndex = 0; path = ButtonsExample.app; sourceTree = BUILT_PRODUCTS_DIR; };
		F27AB68B1B2A889400073234 /* Info.plist */ = {isa = PBXFileReference; lastKnownFileType = text.plist.xml; path = Info.plist; sourceTree = "<group>"; };
		F27AB68C1B2A889400073234 /* main.m */ = {isa = PBXFileReference; lastKnownFileType = sourcecode.c.objc; path = main.m; sourceTree = "<group>"; };
		F27AB68E1B2A889400073234 /* AppDelegate.h */ = {isa = PBXFileReference; lastKnownFileType = sourcecode.c.h; path = AppDelegate.h; sourceTree = "<group>"; };
		F27AB68F1B2A889400073234 /* AppDelegate.m */ = {isa = PBXFileReference; lastKnownFileType = sourcecode.c.objc; path = AppDelegate.m; sourceTree = "<group>"; };
		F27AB6921B2A889400073234 /* ButtonsExample.xcdatamodel */ = {isa = PBXFileReference; lastKnownFileType = wrapper.xcdatamodel; path = ButtonsExample.xcdatamodel; sourceTree = "<group>"; };
		F27AB6941B2A889400073234 /* MasterViewController.h */ = {isa = PBXFileReference; lastKnownFileType = sourcecode.c.h; path = MasterViewController.h; sourceTree = "<group>"; };
		F27AB6951B2A889400073234 /* MasterViewController.m */ = {isa = PBXFileReference; lastKnownFileType = sourcecode.c.objc; path = MasterViewController.m; sourceTree = "<group>"; };
		F27AB6971B2A889400073234 /* DetailViewController.h */ = {isa = PBXFileReference; lastKnownFileType = sourcecode.c.h; path = DetailViewController.h; sourceTree = "<group>"; };
		F27AB6981B2A889400073234 /* DetailViewController.m */ = {isa = PBXFileReference; lastKnownFileType = sourcecode.c.objc; path = DetailViewController.m; sourceTree = "<group>"; };
		F27AB69B1B2A889400073234 /* Base */ = {isa = PBXFileReference; lastKnownFileType = file.storyboard; name = Base; path = Base.lproj/Main.storyboard; sourceTree = "<group>"; };
		F27AB69D1B2A889400073234 /* Images.xcassets */ = {isa = PBXFileReference; lastKnownFileType = folder.assetcatalog; path = Images.xcassets; sourceTree = "<group>"; };
		F27AB6A01B2A889400073234 /* Base */ = {isa = PBXFileReference; lastKnownFileType = file.xib; name = Base; path = Base.lproj/LaunchScreen.xib; sourceTree = "<group>"; };
		F27AB6A61B2A889400073234 /* ButtonsExampleTests.xctest */ = {isa = PBXFileReference; explicitFileType = wrapper.cfbundle; includeInIndex = 0; path = ButtonsExampleTests.xctest; sourceTree = BUILT_PRODUCTS_DIR; };
		F27AB6AB1B2A889400073234 /* Info.plist */ = {isa = PBXFileReference; lastKnownFileType = text.plist.xml; path = Info.plist; sourceTree = "<group>"; };
		F27AB6AC1B2A889400073234 /* ButtonsExampleTests.m */ = {isa = PBXFileReference; lastKnownFileType = sourcecode.c.objc; path = ButtonsExampleTests.m; sourceTree = "<group>"; };
/* End PBXFileReference section */

/* Begin PBXFrameworksBuildPhase section */
		F27AB6841B2A889400073234 /* Frameworks */ = {
			isa = PBXFrameworksBuildPhase;
			buildActionMask = 2147483647;
			files = (
			);
			runOnlyForDeploymentPostprocessing = 0;
		};
		F27AB6A31B2A889400073234 /* Frameworks */ = {
			isa = PBXFrameworksBuildPhase;
			buildActionMask = 2147483647;
			files = (
			);
			runOnlyForDeploymentPostprocessing = 0;
		};
/* End PBXFrameworksBuildPhase section */

/* Begin PBXGroup section */
		F27AB67E1B2A889400073234 = {
			isa = PBXGroup;
			children = (
				F27AB6891B2A889400073234 /* ButtonsExample */,
				F27AB6A91B2A889400073234 /* ButtonsExampleTests */,
				F27AB6881B2A889400073234 /* Products */,
			);
			sourceTree = "<group>";
		};
		F27AB6881B2A889400073234 /* Products */ = {
			isa = PBXGroup;
			children = (
				F27AB6871B2A889400073234 /* ButtonsExample.app */,
				F27AB6A61B2A889400073234 /* ButtonsExampleTests.xctest */,
			);
			name = Products;
			sourceTree = "<group>";
		};
		F27AB6891B2A889400073234 /* ButtonsExample */ = {
			isa = PBXGroup;
			children = (
				F27AB68E1B2A889400073234 /* AppDelegate.h */,
				F27AB68F1B2A889400073234 /* AppDelegate.m */,
				F27AB6941B2A889400073234 /* MasterViewController.h */,
				F27AB6951B2A889400073234 /* MasterViewController.m */,
				F27AB6971B2A889400073234 /* DetailViewController.h */,
				F27AB6981B2A889400073234 /* DetailViewController.m */,
				F27AB69A1B2A889400073234 /* Main.storyboard */,
				F27AB69D1B2A889400073234 /* Images.xcassets */,
				F27AB69F1B2A889400073234 /* LaunchScreen.xib */,
				F27AB6911B2A889400073234 /* ButtonsExample.xcdatamodeld */,
				F27AB68A1B2A889400073234 /* Supporting Files */,
			);
			path = ButtonsExample;
			sourceTree = "<group>";
		};
		F27AB68A1B2A889400073234 /* Supporting Files */ = {
			isa = PBXGroup;
			children = (
				F27AB68B1B2A889400073234 /* Info.plist */,
				F27AB68C1B2A889400073234 /* main.m */,
			);
			name = "Supporting Files";
			sourceTree = "<group>";
		};
		F27AB6A91B2A889400073234 /* ButtonsExampleTests */ = {
			isa = PBXGroup;
			children = (
				F27AB6AC1B2A889400073234 /* ButtonsExampleTests.m */,
				F27AB6AA1B2A889400073234 /* Supporting Files */,
			);
			path = ButtonsExampleTests;
			sourceTree = "<group>";
		};
		F27AB6AA1B2A889400073234 /* Supporting Files */ = {
			isa = PBXGroup;
			children = (
				F27AB6AB1B2A889400073234 /* Info.plist */,
			);
			name = "Supporting Files";
			sourceTree = "<group>";
		};
/* End PBXGroup section */

/* Begin PBXNativeTarget section */
		F27AB6861B2A889400073234 /* ButtonsExample */ = {
			isa = PBXNativeTarget;
			buildConfigurationList = F27AB6B01B2A889400073234 /* Build configuration list for PBXNativeTarget "ButtonsExample" */;
			buildPhases = (
				F27AB6831B2A889400073234 /* Sources */,
				F27AB6841B2A889400073234 /* Frameworks */,
				F27AB6851B2A889400073234 /* Resources */,
			);
			buildRules = (
			);
			dependencies = (
			);
			name = ButtonsExample;
			productName = ButtonsExample;
			productReference = F27AB6871B2A889400073234 /* ButtonsExample.app */;
			productType = "com.apple.product-type.application";
		};
		F27AB6A51B2A889400073234 /* ButtonsExampleTests */ = {
			isa = PBXNativeTarget;
			buildConfigurationList = F27AB6B31B2A889400073234 /* Build configuration list for PBXNativeTarget "ButtonsExampleTests" */;
			buildPhases = (
				F27AB6A21B2A889400073234 /* Sources */,
				F27AB6A31B2A889400073234 /* Frameworks */,
				F27AB6A41B2A889400073234 /* Resources */,
			);
			buildRules = (
			);
			dependencies = (
				F27AB6A81B2A889400073234 /* PBXTargetDependency */,
			);
			name = ButtonsExampleTests;
			productName = ButtonsExampleTests;
			productReference = F27AB6A61B2A889400073234 /* ButtonsExampleTests.xctest */;
			productType = "com.apple.product-type.bundle.unit-test";
		};
/* End PBXNativeTarget section */

/* Begin PBXProject section */
		F27AB67F1B2A889400073234 /* Project object */ = {
			isa = PBXProject;
			attributes = {
				LastUpgradeCheck = 0630;
				ORGANIZATIONNAME = franzejr;
				TargetAttributes = {
					F27AB6861B2A889400073234 = {
						CreatedOnToolsVersion = 6.3.2;
					};
					F27AB6A51B2A889400073234 = {
						CreatedOnToolsVersion = 6.3.2;
						TestTargetID = F27AB6861B2A889400073234;
					};
				};
			};
			buildConfigurationList = F27AB6821B2A889400073234 /* Build configuration list for PBXProject "ButtonsExample" */;
			compatibilityVersion = "Xcode 3.2";
			developmentRegion = English;
			hasScannedForEncodings = 0;
			knownRegions = (
				en,
				Base,
			);
			mainGroup = F27AB67E1B2A889400073234;
			productRefGroup = F27AB6881B2A889400073234 /* Products */;
			projectDirPath = "";
			projectRoot = "";
			targets = (
				F27AB6861B2A889400073234 /* ButtonsExample */,
				F27AB6A51B2A889400073234 /* ButtonsExampleTests */,
			);
		};
/* End PBXProject section */

/* Begin PBXResourcesBuildPhase section */
		F27AB6851B2A889400073234 /* Resources */ = {
			isa = PBXResourcesBuildPhase;
			buildActionMask = 2147483647;
			files = (
				F27AB69C1B2A889400073234 /* Main.storyboard in Resources */,
				F27AB6A11B2A889400073234 /* LaunchScreen.xib in Resources */,
				F27AB69E1B2A889400073234 /* Images.xcassets in Resources */,
			);
			runOnlyForDeploymentPostprocessing = 0;
		};
		F27AB6A41B2A889400073234 /* Resources */ = {
			isa = PBXResourcesBuildPhase;
			buildActionMask = 2147483647;
			files = (
			);
			runOnlyForDeploymentPostprocessing = 0;
		};
/* End PBXResourcesBuildPhase section */

/* Begin PBXSourcesBuildPhase section */
		F27AB6831B2A889400073234 /* Sources */ = {
			isa = PBXSourcesBuildPhase;
			buildActionMask = 2147483647;
			files = (
				F27AB6991B2A889400073234 /* DetailViewController.m in Sources */,
				F27AB6961B2A889400073234 /* MasterViewController.m in Sources */,
				F27AB6931B2A889400073234 /* ButtonsExample.xcdatamodeld in Sources */,
				F27AB6901B2A889400073234 /* AppDelegate.m in Sources */,
				F27AB68D1B2A889400073234 /* main.m in Sources */,
			);
			runOnlyForDeploymentPostprocessing = 0;
		};
		F27AB6A21B2A889400073234 /* Sources */ = {
			isa = PBXSourcesBuildPhase;
			buildActionMask = 2147483647;
			files = (
				F27AB6AD1B2A889400073234 /* ButtonsExampleTests.m in Sources */,
			);
			runOnlyForDeploymentPostprocessing = 0;
		};
/* End PBXSourcesBuildPhase section */

/* Begin PBXTargetDependency section */
		F27AB6A81B2A889400073234 /* PBXTargetDependency */ = {
			isa = PBXTargetDependency;
			target = F27AB6861B2A889400073234 /* ButtonsExample */;
			targetProxy = F27AB6A71B2A889400073234 /* PBXContainerItemProxy */;
		};
/* End PBXTargetDependency section */

/* Begin PBXVariantGroup section */
		F27AB69A1B2A889400073234 /* Main.storyboard */ = {
			isa = PBXVariantGroup;
			children = (
				F27AB69B1B2A889400073234 /* Base */,
			);
			name = Main.storyboard;
			sourceTree = "<group>";
		};
		F27AB69F1B2A889400073234 /* LaunchScreen.xib */ = {
			isa = PBXVariantGroup;
			children = (
				F27AB6A01B2A889400073234 /* Base */,
			);
			name = LaunchScreen.xib;
			sourceTree = "<group>";
		};
/* End PBXVariantGroup section */

/* Begin XCBuildConfiguration section */
		F27AB6AE1B2A889400073234 /* Debug */ = {
			isa = XCBuildConfiguration;
			buildSettings = {
				ALWAYS_SEARCH_USER_PATHS = NO;
				CLANG_CXX_LANGUAGE_STANDARD = "gnu++0x";
				CLANG_CXX_LIBRARY = "libc++";
				CLANG_ENABLE_MODULES = YES;
				CLANG_ENABLE_OBJC_ARC = YES;
				CLANG_WARN_BOOL_CONVERSION = YES;
				CLANG_WARN_CONSTANT_CONVERSION = YES;
				CLANG_WARN_DIRECT_OBJC_ISA_USAGE = YES_ERROR;
				CLANG_WARN_EMPTY_BODY = YES;
				CLANG_WARN_ENUM_CONVERSION = YES;
				CLANG_WARN_INT_CONVERSION = YES;
				CLANG_WARN_OBJC_ROOT_CLASS = YES_ERROR;
				CLANG_WARN_UNREACHABLE_CODE = YES;
				CLANG_WARN__DUPLICATE_METHOD_MATCH = YES;
				"CODE_SIGN_IDENTITY[sdk=iphoneos*]" = "iPhone Developer";
				COPY_PHASE_STRIP = NO;
				DEBUG_INFORMATION_FORMAT = "dwarf-with-dsym";
				ENABLE_STRICT_OBJC_MSGSEND = YES;
				GCC_C_LANGUAGE_STANDARD = gnu99;
				GCC_DYNAMIC_NO_PIC = NO;
				GCC_NO_COMMON_BLOCKS = YES;
				GCC_OPTIMIZATION_LEVEL = 0;
				GCC_PREPROCESSOR_DEFINITIONS = (
					"DEBUG=1",
					"$(inherited)",
				);
				GCC_SYMBOLS_PRIVATE_EXTERN = NO;
				GCC_WARN_64_TO_32_BIT_CONVERSION = YES;
				GCC_WARN_ABOUT_RETURN_TYPE = YES_ERROR;
				GCC_WARN_UNDECLARED_SELECTOR = YES;
				GCC_WARN_UNINITIALIZED_AUTOS = YES_AGGRESSIVE;
				GCC_WARN_UNUSED_FUNCTION = YES;
				GCC_WARN_UNUSED_VARIABLE = YES;
				IPHONEOS_DEPLOYMENT_TARGET = 8.3;
				MTL_ENABLE_DEBUG_INFO = YES;
				ONLY_ACTIVE_ARCH = YES;
				SDKROOT = iphoneos;
			};
			name = Debug;
		};
		F27AB6AF1B2A889400073234 /* Release */ = {
			isa = XCBuildConfiguration;
			buildSettings = {
				ALWAYS_SEARCH_USER_PATHS = NO;
				CLANG_CXX_LANGUAGE_STANDARD = "gnu++0x";
				CLANG_CXX_LIBRARY = "libc++";
				CLANG_ENABLE_MODULES = YES;
				CLANG_ENABLE_OBJC_ARC = YES;
				CLANG_WARN_BOOL_CONVERSION = YES;
				CLANG_WARN_CONSTANT_CONVERSION = YES;
				CLANG_WARN_DIRECT_OBJC_ISA_USAGE = YES_ERROR;
				CLANG_WARN_EMPTY_BODY = YES;
				CLANG_WARN_ENUM_CONVERSION = YES;
				CLANG_WARN_INT_CONVERSION = YES;
				CLANG_WARN_OBJC_ROOT_CLASS = YES_ERROR;
				CLANG_WARN_UNREACHABLE_CODE = YES;
				CLANG_WARN__DUPLICATE_METHOD_MATCH = YES;
				"CODE_SIGN_IDENTITY[sdk=iphoneos*]" = "iPhone Developer";
				COPY_PHASE_STRIP = NO;
				DEBUG_INFORMATION_FORMAT = "dwarf-with-dsym";
				ENABLE_NS_ASSERTIONS = NO;
				ENABLE_STRICT_OBJC_MSGSEND = YES;
				GCC_C_LANGUAGE_STANDARD = gnu99;
				GCC_NO_COMMON_BLOCKS = YES;
				GCC_WARN_64_TO_32_BIT_CONVERSION = YES;
				GCC_WARN_ABOUT_RETURN_TYPE = YES_ERROR;
				GCC_WARN_UNDECLARED_SELECTOR = YES;
				GCC_WARN_UNINITIALIZED_AUTOS = YES_AGGRESSIVE;
				GCC_WARN_UNUSED_FUNCTION = YES;
				GCC_WARN_UNUSED_VARIABLE = YES;
				IPHONEOS_DEPLOYMENT_TARGET = 8.3;
				MTL_ENABLE_DEBUG_INFO = NO;
				SDKROOT = iphoneos;
				VALIDATE_PRODUCT = YES;
			};
			name = Release;
		};
		F27AB6B11B2A889400073234 /* Debug */ = {
			isa = XCBuildConfiguration;
			buildSettings = {
				ASSETCATALOG_COMPILER_APPICON_NAME = AppIcon;
				INFOPLIST_FILE = ButtonsExample/Info.plist;
				LD_RUNPATH_SEARCH_PATHS = "$(inherited) @executable_path/Frameworks";
				PRODUCT_NAME = "$(TARGET_NAME)";
			};
			name = Debug;
		};
		F27AB6B21B2A889400073234 /* Release */ = {
			isa = XCBuildConfiguration;
			buildSettings = {
				ASSETCATALOG_COMPILER_APPICON_NAME = AppIcon;
				INFOPLIST_FILE = ButtonsExample/Info.plist;
				LD_RUNPATH_SEARCH_PATHS = "$(inherited) @executable_path/Frameworks";
				PRODUCT_NAME = "$(TARGET_NAME)";
			};
			name = Release;
		};
		F27AB6B41B2A889400073234 /* Debug */ = {
			isa = XCBuildConfiguration;
			buildSettings = {
				BUNDLE_LOADER = "$(TEST_HOST)";
				FRAMEWORK_SEARCH_PATHS = (
					"$(SDKROOT)/Developer/Library/Frameworks",
					"$(inherited)",
				);
				GCC_PREPROCESSOR_DEFINITIONS = (
					"DEBUG=1",
					"$(inherited)",
				);
				INFOPLIST_FILE = ButtonsExampleTests/Info.plist;
				LD_RUNPATH_SEARCH_PATHS = "$(inherited) @executable_path/Frameworks @loader_path/Frameworks";
				PRODUCT_NAME = "$(TARGET_NAME)";
				TEST_HOST = "$(BUILT_PRODUCTS_DIR)/ButtonsExample.app/ButtonsExample";
			};
			name = Debug;
		};
		F27AB6B51B2A889400073234 /* Release */ = {
			isa = XCBuildConfiguration;
			buildSettings = {
				BUNDLE_LOADER = "$(TEST_HOST)";
				FRAMEWORK_SEARCH_PATHS = (
					"$(SDKROOT)/Developer/Library/Frameworks",
					"$(inherited)",
				);
				INFOPLIST_FILE = ButtonsExampleTests/Info.plist;
				LD_RUNPATH_SEARCH_PATHS = "$(inherited) @executable_path/Frameworks @loader_path/Frameworks";
				PRODUCT_NAME = "$(TARGET_NAME)";
				TEST_HOST = "$(BUILT_PRODUCTS_DIR)/ButtonsExample.app/ButtonsExample";
			};
			name = Release;
		};
/* End XCBuildConfiguration section */

/* Begin XCConfigurationList section */
		F27AB6821B2A889400073234 /* Build configuration list for PBXProject "ButtonsExample" */ = {
			isa = XCConfigurationList;
			buildConfigurations = (
				F27AB6AE1B2A889400073234 /* Debug */,
				F27AB6AF1B2A889400073234 /* Release */,
			);
			defaultConfigurationIsVisible = 0;
			defaultConfigurationName = Release;
		};
		F27AB6B01B2A889400073234 /* Build configuration list for PBXNativeTarget "ButtonsExample" */ = {
			isa = XCConfigurationList;
			buildConfigurations = (
				F27AB6B11B2A889400073234 /* Debug */,
				F27AB6B21B2A889400073234 /* Release */,
			);
			defaultConfigurationIsVisible = 0;
		};
		F27AB6B31B2A889400073234 /* Build configuration list for PBXNativeTarget "ButtonsExampleTests" */ = {
			isa = XCConfigurationList;
			buildConfigurations = (
				F27AB6B41B2A889400073234 /* Debug */,
				F27AB6B51B2A889400073234 /* Release */,
			);
			defaultConfigurationIsVisible = 0;
		};
/* End XCConfigurationList section */

/* Begin XCVersionGroup section */
		F27AB6911B2A889400073234 /* ButtonsExample.xcdatamodeld */ = {
			isa = XCVersionGroup;
			children = (
				F27AB6921B2A889400073234 /* ButtonsExample.xcdatamodel */,
			);
			currentVersion = F27AB6921B2A889400073234 /* ButtonsExample.xcdatamodel */;
			path = ButtonsExample.xcdatamodeld;
			sourceTree = "<group>";
			versionGroupType = wrapper.xcdatamodel;
		};
/* End XCVersionGroup section */
	};
	rootObject = F27AB67F1B2A889400073234 /* Project object */;
}
